
Microsoft Visual Studio Solution File, Format Version 12.00
# Visual Studio Version 17
VisualStudioVersion = 17.13.35825.156 d17.13
MinimumVisualStudioVersion = 10.0.40219.1
Project("{FAE04EC0-301F-11D3-BF4B-00C04F79EFBC}") = "Soft Landing.DAL", "Soft Landing.DAL\Soft Landing.DAL.csproj", "{AAF7F59A-4866-4FA9-BB4A-EBDF3BC07E1D}"
EndProject
Project("{FAE04EC0-301F-11D3-BF4B-00C04F79EFBC}") = "Soft Landing.BL", "Soft Landing.BL\Soft Landing.BL.csproj", "{1CE0C98C-E557-40D3-9FDE-3371B800C9CA}"
EndProject
Project("{FAE04EC0-301F-11D3-BF4B-00C04F79EFBC}") = "Soft Landing.MVC", "Soft Landing.MVC\Soft Landing.MVC.csproj", "{7BBB476E-C97B-48D9-B3C2-44F937A88802}"
EndProject
Global
	GlobalSection(SolutionConfigurationPlatforms) = preSolution
		Debug|Any CPU = Debug|Any CPU
		Release|Any CPU = Release|Any CPU
	EndGlobalSection
	GlobalSection(ProjectConfigurationPlatforms) = postSolution
		{AAF7F59A-4866-4FA9-BB4A-EBDF3BC07E1D}.Debug|Any CPU.ActiveCfg = Debug|Any CPU
		{AAF7F59A-4866-4FA9-BB4A-EBDF3BC07E1D}.Debug|Any CPU.Build.0 = Debug|Any CPU
		{AAF7F59A-4866-4FA9-BB4A-EBDF3BC07E1D}.Release|Any CPU.ActiveCfg = Release|Any CPU
		{AAF7F59A-4866-4FA9-BB4A-EBDF3BC07E1D}.Release|Any CPU.Build.0 = Release|Any CPU
		{1CE0C98C-E557-40D3-9FDE-3371B800C9CA}.Debug|Any CPU.ActiveCfg = Debug|Any CPU
		{1CE0C98C-E557-40D3-9FDE-3371B800C9CA}.Debug|Any CPU.Build.0 = Debug|Any CPU
		{1CE0C98C-E557-40D3-9FDE-3371B800C9CA}.Release|Any CPU.ActiveCfg = Release|Any CPU
		{1CE0C98C-E557-40D3-9FDE-3371B800C9CA}.Release|Any CPU.Build.0 = Release|Any CPU
		{7BBB476E-C97B-48D9-B3C2-44F937A88802}.Debug|Any CPU.ActiveCfg = Debug|Any CPU
		{7BBB476E-C97B-48D9-B3C2-44F937A88802}.Debug|Any CPU.Build.0 = Debug|Any CPU
		{7BBB476E-C97B-48D9-B3C2-44F937A88802}.Release|Any CPU.ActiveCfg = Release|Any CPU
		{7BBB476E-C97B-48D9-B3C2-44F937A88802}.Release|Any CPU.Build.0 = Release|Any CPU
	EndGlobalSection
	GlobalSection(SolutionProperties) = preSolution
		HideSolutionNode = FALSE
	EndGlobalSection
	GlobalSection(ExtensibilityGlobals) = postSolution
		SolutionGuid = {47E05CDC-E827-4E34-BC7B-54AAC133969D}
	EndGlobalSection
EndGlobal
